{
  "version": 4,
  "terraform_version": "1.14.8",
  "serial": 6,
  "lineage": "9c58141b-9114-f3c3-c827-f77b9b86153a",
  "outputs": {
    "db_secret_name": {
      "value": "db-credentials",
      "type": "string"
    },
    "namespace": {
      "value": "config-service",
      "type": "string"
    }
  },
  "resources": [
    {
      "mode": "managed",
      "type": "kubernetes_namespace",
      "name": "config_service",
      "provider": "provider[\"registry.terraform.io/hashicorp/kubernetes\"]",
      "instances": [
        {
          "schema_version": 0,
          "attributes": {
            "id": "config-service",
            "metadata": [
              {
                "annotations": {},
                "generate_name": "",
                "generation": 0,
                "labels": {
                  "managed-by": "terraform"
                },
                "name": "config-service",
                "resource_version": "2392",
                "uid": "b71dc578-6bf6-411b-9f22-768caa0ebebc"
              }
            ],
            "timeouts": null,
            "wait_for_default_service_account": false
          },
          "sensitive_attributes": [],
          "identity_schema_version": 1,
          "identity": {
            "api_version": "v1",
            "kind": "Namespace",
            "name": "config-service"
          },
          "private": "eyJlMmJmYjczMC1lY2FhLTExZTYtOGY4OC0zNDM2M2JjN2M0YzAiOnsiZGVsZXRlIjozMDAwMDAwMDAwMDB9fQ=="
        }
      ]
    },
    {
      "mode": "managed",
      "type": "kubernetes_secret",
      "name": "db_credentials",
      "provider": "provider[\"registry.terraform.io/hashicorp/kubernetes\"]",
      "instances": [
        {
          "schema_version": 0,
          "attributes": {
            "binary_data": null,
            "binary_data_wo": null,
            "binary_data_wo_revision": null,
            "data": {
              "DATABASE_URL": "cG9zdGdyZXM6Ly9jb25maWd1c2VyOmNvbmZpZ3NlY3JldEBwb3N0Z3Jlcy1wb3N0Z3Jlc3FsLmNvbmZpZy1zZXJ2aWNlLnN2Yy5jbHVzdGVyLmxvY2FsOjU0MzIvY29uZmlnZGI=",
              "DB_PASSWORD": "Y29uZmlnc2VjcmV0",
              "DB_USER": "Y29uZmlndXNlcg=="
            },
            "data_wo": null,
            "data_wo_revision": null,
            "id": "config-service/db-credentials",
            "immutable": false,
            "metadata": [
              {
                "annotations": {},
                "generate_name": "",
                "generation": 0,
                "labels": {},
                "name": "db-credentials",
                "namespace": "config-service",
                "resource_version": "2395",
                "uid": "92b64d84-fd01-4006-aaeb-8a71c129d68c"
              }
            ],
            "timeouts": null,
            "type": "Opaque",
            "wait_for_service_account_token": true
          },
          "sensitive_attributes": [
            [
              {
                "type": "get_attr",
                "value": "binary_data"
              }
            ],
            [
              {
                "type": "get_attr",
                "value": "data"
              }
            ]
          ],
          "identity_schema_version": 1,
          "identity": {
            "api_version": "v1",
            "kind": "Secret",
            "name": "db-credentials",
            "namespace": "config-service"
          },
          "private": "eyJlMmJmYjczMC1lY2FhLTExZTYtOGY4OC0zNDM2M2JjN2M0YzAiOnsiY3JlYXRlIjo2MDAwMDAwMDAwMH19",
          "dependencies": [
            "kubernetes_namespace.config_service"
          ]
        }
      ]
    }
  ],
  "check_results": null
}
